// !$*UTF8*$!
{
	archiveVersion = 1;
	classes = {
	};
	objectVersion = 50;
	objects = {

/* Begin PBXBuildFile section */
		19D4FE6923649E1E00F5C020 /* LandingViewController.swift in Sources */ = {isa = PBXBuildFile; fileRef = 19D4FE6823649E1E00F5C020 /* LandingViewController.swift */; };
		19DEB0C9236441D7009DC71B /* AppDelegate.swift in Sources */ = {isa = PBXBuildFile; fileRef = 19DEB0C8236441D7009DC71B /* AppDelegate.swift */; };
		19DEB0CB236441D7009DC71B /* SceneDelegate.swift in Sources */ = {isa = PBXBuildFile; fileRef = 19DEB0CA236441D7009DC71B /* SceneDelegate.swift */; };
		19DEB0CD236441D7009DC71B /* ViewController.swift in Sources */ = {isa = PBXBuildFile; fileRef = 19DEB0CC236441D7009DC71B /* ViewController.swift */; };
		19DEB0D0236441D7009DC71B /* Main.storyboard in Resources */ = {isa = PBXBuildFile; fileRef = 19DEB0CE236441D7009DC71B /* Main.storyboard */; };
		19DEB0D2236441DB009DC71B /* Assets.xcassets in Resources */ = {isa = PBXBuildFile; fileRef = 19DEB0D1236441DB009DC71B /* Assets.xcassets */; };
		19DEB0D5236441DB009DC71B /* LaunchScreen.storyboard in Resources */ = {isa = PBXBuildFile; fileRef = 19DEB0D3236441DB009DC71B /* LaunchScreen.storyboard */; };
		19DEB0DD23644243009DC71B /* Networking.swift in Sources */ = {isa = PBXBuildFile; fileRef = 19DEB0DC23644243009DC71B /* Networking.swift */; };
/* End PBXBuildFile section */

/* Begin PBXFileReference section */
		19D4FE6823649E1E00F5C020 /* LandingViewController.swift */ = {isa = PBXFileReference; lastKnownFileType = sourcecode.swift; path = LandingViewController.swift; sourceTree = "<group>"; };
		19DEB0C5236441D7009DC71B /* Car.app */ = {isa = PBXFileReference; explicitFileType = wrapper.application; includeInIndex = 0; path = Car.app; sourceTree = BUILT_PRODUCTS_DIR; };
		19DEB0C8236441D7009DC71B /* AppDelegate.swift */ = {isa = PBXFileReference; lastKnownFileType = sourcecode.swift; path = AppDelegate.swift; sourceTree = "<group>"; };
		19DEB0CA236441D7009DC71B /* SceneDelegate.swift */ = {isa = PBXFileReference; lastKnownFileType = sourcecode.swift; path = SceneDelegate.swift; sourceTree = "<group>"; };
		19DEB0CC236441D7009DC71B /* ViewController.swift */ = {isa = PBXFileReference; lastKnownFileType = sourcecode.swift; path = ViewController.swift; sourceTree = "<group>"; };
		19DEB0CF236441D7009DC71B /* Base */ = {isa = PBXFileReference; lastKnownFileType = file.storyboard; name = Base; path = Base.lproj/Main.storyboard; sourceTree = "<group>"; };
		19DEB0D1236441DB009DC71B /* Assets.xcassets */ = {isa = PBXFileReference; lastKnownFileType = folder.assetcatalog; path = Assets.xcassets; sourceTree = "<group>"; };
		19DEB0D4236441DB009DC71B /* Base */ = {isa = PBXFileReference; lastKnownFileType = file.storyboard; name = Base; path = Base.lproj/LaunchScreen.storyboard; sourceTree = "<group>"; };
		19DEB0D6236441DB009DC71B /* Info.plist */ = {isa = PBXFileReference; lastKnownFileType = text.plist.xml; path = Info.plist; sourceTree = "<group>"; };
		19DEB0DC23644243009DC71B /* Networking.swift */ = {isa = PBXFileReference; fileEncoding = 4; lastKnownFileType = sourcecode.swift; path = Networking.swift; sourceTree = "<group>"; };
/* End PBXFileReference section */

/* Begin PBXFrameworksBuildPhase section */
		19DEB0C2236441D7009DC71B /* Frameworks */ = {
			isa = PBXFrameworksBuildPhase;
			buildActionMask = 2147483647;
			files = (
			);
			runOnlyForDeploymentPostprocessing = 0;
		};
/* End PBXFrameworksBuildPhase section */

/* Begin PBXGroup section */
		19D4FE6A2364A29C00F5C020 /* Controller */ = {
			isa = PBXGroup;
			children = (
				19DEB0CC236441D7009DC71B /* ViewController.swift */,
				19D4FE6823649E1E00F5C020 /* LandingViewController.swift */,
			);
			path = Controller;
			sourceTree = "<group>";
		};
		19D4FE6B2364A2AB00F5C020 /* View */ = {
			isa = PBXGroup;
			children = (
				19DEB0CE236441D7009DC71B /* Main.storyboard */,
				19DEB0D3236441DB009DC71B /* LaunchScreen.storyboard */,
			);
			path = View;
			sourceTree = "<group>";
		};
		19D4FE6C2364A2BC00F5C020 /* Utilities */ = {
			isa = PBXGroup;
			children = (
				19DEB0DC23644243009DC71B /* Networking.swift */,
			);
			path = Utilities;
			sourceTree = "<group>";
		};
		19DEB0BC236441D7009DC71B = {
			isa = PBXGroup;
			children = (
				19DEB0C7236441D7009DC71B /* Car */,
				19DEB0C6236441D7009DC71B /* Products */,
			);
			sourceTree = "<group>";
		};
		19DEB0C6236441D7009DC71B /* Products */ = {
			isa = PBXGroup;
			children = (
				19DEB0C5236441D7009DC71B /* Car.app */,
			);
			name = Products;
			sourceTree = "<group>";
		};
		19DEB0C7236441D7009DC71B /* Car */ = {
			isa = PBXGroup;
			children = (
				19DEB0C8236441D7009DC71B /* AppDelegate.swift */,
				19DEB0CA236441D7009DC71B /* SceneDelegate.swift */,
				19D4FE6C2364A2BC00F5C020 /* Utilities */,
				19D4FE6A2364A29C00F5C020 /* Controller */,
				19D4FE6B2364A2AB00F5C020 /* View */,
				19DEB0D1236441DB009DC71B /* Assets.xcassets */,
				19DEB0D6236441DB009DC71B /* Info.plist */,
			);
			path = Car;
			sourceTree = "<group>";
		};
/* End PBXGroup section */

/* Begin PBXNativeTarget section */
		19DEB0C4236441D7009DC71B /* Car */ = {
			isa = PBXNativeTarget;
			buildConfigurationList = 19DEB0D9236441DB009DC71B /* Build configuration list for PBXNativeTarget "Car" */;
			buildPhases = (
				19DEB0C1236441D7009DC71B /* Sources */,
				19DEB0C2236441D7009DC71B /* Frameworks */,
				19DEB0C3236441D7009DC71B /* Resources */,
			);
			buildRules = (
			);
			dependencies = (
			);
			name = Car;
			productName = Car;
			productReference = 19DEB0C5236441D7009DC71B /* Car.app */;
			productType = "com.apple.product-type.application";
		};
/* End PBXNativeTarget section */

/* Begin PBXProject section */
		19DEB0BD236441D7009DC71B /* Project object */ = {
			isa = PBXProject;
			attributes = {
				LastSwiftUpdateCheck = 1100;
				LastUpgradeCheck = 1100;
				ORGANIZATIONNAME = Manas;
				TargetAttributes = {
					19DEB0C4236441D7009DC71B = {
						CreatedOnToolsVersion = 11.0;
					};
				};
			};
			buildConfigurationList = 19DEB0C0236441D7009DC71B /* Build configuration list for PBXProject "Car" */;
			compatibilityVersion = "Xcode 9.3";
			developmentRegion = en;
			hasScannedForEncodings = 0;
			knownRegions = (
				en,
				Base,
			);
			mainGroup = 19DEB0BC236441D7009DC71B;
			productRefGroup = 19DEB0C6236441D7009DC71B /* Products */;
			projectDirPath = "";
			projectRoot = "";
			targets = (
				19DEB0C4236441D7009DC71B /* Car */,
			);
		};
/* End PBXProject section */

/* Begin PBXResourcesBuildPhase section */
		19DEB0C3236441D7009DC71B /* Resources */ = {
			isa = PBXResourcesBuildPhase;
			buildActionMask = 2147483647;
			files = (
				19DEB0D5236441DB009DC71B /* LaunchScreen.storyboard in Resources */,
				19DEB0D2236441DB009DC71B /* Assets.xcassets in Resources */,
				19DEB0D0236441D7009DC71B /* Main.storyboard in Resources */,
			);
			runOnlyForDeploymentPostprocessing = 0;
		};
/* End PBXResourcesBuildPhase section */

/* Begin PBXSourcesBuildPhase section */
		19DEB0C1236441D7009DC71B /* Sources */ = {
			isa = PBXSourcesBuildPhase;
			buildActionMask = 2147483647;
			files = (
				19DEB0CD236441D7009DC71B /* ViewController.swift in Sources */,
				19DEB0C9236441D7009DC71B /* AppDelegate.swift in Sources */,
				19DEB0CB236441D7009DC71B /* SceneDelegate.swift in Sources */,
				19D4FE6923649E1E00F5C020 /* LandingViewController.swift in Sources */,
				19DEB0DD23644243009DC71B /* Networking.swift in Sources */,
			);
			runOnlyForDeploymentPostprocessing = 0;
		};
/* End PBXSourcesBuildPhase section */

/* Begin PBXVariantGroup section */
		19DEB0CE236441D7009DC71B /* Main.storyboard */ = {
			isa = PBXVariantGroup;
			children = (
				19DEB0CF236441D7009DC71B /* Base */,
			);
			name = Main.storyboard;
			sourceTree = "<group>";
		};
		19DEB0D3236441DB009DC71B /* LaunchScreen.storyboard */ = {
			isa = PBXVariantGroup;
			children = (
				19DEB0D4236441DB009DC71B /* Base */,
			);
			name = LaunchScreen.storyboard;
			sourceTree = "<group>";
		};
/* End PBXVariantGroup section */

/* Begin XCBuildConfiguration section */
		19DEB0D7236441DB009DC71B /* Debug */ = {
			isa = XCBuildConfiguration;
			buildSettings = {
				ALWAYS_SEARCH_USER_PATHS = NO;
				CLANG_ANALYZER_NONNULL = YES;
				CLANG_ANALYZER_NUMBER_OBJECT_CONVERSION = YES_AGGRESSIVE;
				CLANG_CXX_LANGUAGE_STANDARD = "gnu++14";
				CLANG_CXX_LIBRARY = "libc++";
				CLANG_ENABLE_MODULES = YES;
				CLANG_ENABLE_OBJC_ARC = YES;
				CLANG_ENABLE_OBJC_WEAK = YES;
				CLANG_WARN_BLOCK_CAPTURE_AUTORELEASING = YES;
				CLANG_WARN_BOOL_CONVERSION = YES;
				CLANG_WARN_COMMA = YES;
				CLANG_WARN_CONSTANT_CONVERSION = YES;
				CLANG_WARN_DEPRECATED_OBJC_IMPLEMENTATIONS = YES;
				CLANG_WARN_DIRECT_OBJC_ISA_USAGE = YES_ERROR;
				CLANG_WARN_DOCUMENTATION_COMMENTS = YES;
				CLANG_WARN_EMPTY_BODY = YES;
				CLANG_WARN_ENUM_CONVERSION = YES;
				CLANG_WARN_INFINITE_RECURSION = YES;
				CLANG_WARN_INT_CONVERSION = YES;
				CLANG_WARN_NON_LITERAL_NULL_CONVERSION = YES;
				CLANG_WARN_OBJC_IMPLICIT_RETAIN_SELF = YES;
				CLANG_WARN_OBJC_LITERAL_CONVERSION = YES;
				CLANG_WARN_OBJC_ROOT_CLASS = YES_ERROR;
				CLANG_WARN_RANGE_LOOP_ANALYSIS = YES;
				CLANG_WARN_STRICT_PROTOTYPES = YES;
				CLANG_WARN_SUSPICIOUS_MOVE = YES;
				CLANG_WARN_UNGUARDED_AVAILABILITY = YES_AGGRESSIVE;
				CLANG_WARN_UNREACHABLE_CODE = YES;
				CLANG_WARN__DUPLICATE_METHOD_MATCH = YES;
				COPY_PHASE_STRIP = NO;
				DEBUG_INFORMATION_FORMAT = dwarf;
				ENABLE_STRICT_OBJC_MSGSEND = YES;
				ENABLE_TESTABILITY = YES;
				GCC_C_LANGUAGE_STANDARD = gnu11;
				GCC_DYNAMIC_NO_PIC = NO;
				GCC_NO_COMMON_BLOCKS = YES;
				GCC_OPTIMIZATION_LEVEL = 0;
				GCC_PREPROCESSOR_DEFINITIONS = (
					"DEBUG=1",
					"$(inherited)",
				);
				GCC_WARN_64_TO_32_BIT_CONVERSION = YES;
				GCC_WARN_ABOUT_RETURN_TYPE = YES_ERROR;
				GCC_WARN_UNDECLARED_SELECTOR = YES;
				GCC_WARN_UNINITIALIZED_AUTOS = YES_AGGRESSIVE;
				GCC_WARN_UNUSED_FUNCTION = YES;
				GCC_WARN_UNUSED_VARIABLE = YES;
				IPHONEOS_DEPLOYMENT_TARGET = 13.0;
				MTL_ENABLE_DEBUG_INFO = INCLUDE_SOURCE;
				MTL_FAST_MATH = YES;
				ONLY_ACTIVE_ARCH = YES;
				SDKROOT = iphoneos;
				SWIFT_ACTIVE_COMPILATION_CONDITIONS = DEBUG;
				SWIFT_OPTIMIZATION_LEVEL = "-Onone";
			};
			name = Debug;
		};
		19DEB0D8236441DB009DC71B /* Release */ = {
			isa = XCBuildConfiguration;
			buildSettings = {
				ALWAYS_SEARCH_USER_PATHS = NO;
				CLANG_ANALYZER_NONNULL = YES;
				CLANG_ANALYZER_NUMBER_OBJECT_CONVERSION = YES_AGGRESSIVE;
				CLANG_CXX_LANGUAGE_STANDARD = "gnu++14";
				CLANG_CXX_LIBRARY = "libc++";
				CLANG_ENABLE_MODULES = YES;
				CLANG_ENABLE_OBJC_ARC = YES;
				CLANG_ENABLE_OBJC_WEAK = YES;
				CLANG_WARN_BLOCK_CAPTURE_AUTORELEASING = YES;
				CLANG_WARN_BOOL_CONVERSION = YES;
				CLANG_WARN_COMMA = YES;
				CLANG_WARN_CONSTANT_CONVERSION = YES;
				CLANG_WARN_DEPRECATED_OBJC_IMPLEMENTATIONS = YES;
				CLANG_WARN_DIRECT_OBJC_ISA_USAGE = YES_ERROR;
				CLANG_WARN_DOCUMENTATION_COMMENTS = YES;
				CLANG_WARN_EMPTY_BODY = YES;
				CLANG_WARN_ENUM_CONVERSION = YES;
				CLANG_WARN_INFINITE_RECURSION = YES;
				CLANG_WARN_INT_CONVERSION = YES;
				CLANG_WARN_NON_LITERAL_NULL_CONVERSION = YES;
				CLANG_WARN_OBJC_IMPLICIT_RETAIN_SELF = YES;
				CLANG_WARN_OBJC_LITERAL_CONVERSION = YES;
				CLANG_WARN_OBJC_ROOT_CLASS = YES_ERROR;
				CLANG_WARN_RANGE_LOOP_ANALYSIS = YES;
				CLANG_WARN_STRICT_PROTOTYPES = YES;
				CLANG_WARN_SUSPICIOUS_MOVE = YES;
				CLANG_WARN_UNGUARDED_AVAILABILITY = YES_AGGRESSIVE;
				CLANG_WARN_UNREACHABLE_CODE = YES;
				CLANG_WARN__DUPLICATE_METHOD_MATCH = YES;
				COPY_PHASE_STRIP = NO;
				DEBUG_INFORMATION_FORMAT = "dwarf-with-dsym";
				ENABLE_NS_ASSERTIONS = NO;
				ENABLE_STRICT_OBJC_MSGSEND = YES;
				GCC_C_LANGUAGE_STANDARD = gnu11;
				GCC_NO_COMMON_BLOCKS = YES;
				GCC_WARN_64_TO_32_BIT_CONVERSION = YES;
				GCC_WARN_ABOUT_RETURN_TYPE = YES_ERROR;
				GCC_WARN_UNDECLARED_SELECTOR = YES;
				GCC_WARN_UNINITIALIZED_AUTOS = YES_AGGRESSIVE;
				GCC_WARN_UNUSED_FUNCTION = YES;
				GCC_WARN_UNUSED_VARIABLE = YES;
				IPHONEOS_DEPLOYMENT_TARGET = 13.0;
				MTL_ENABLE_DEBUG_INFO = NO;
				MTL_FAST_MATH = YES;
				SDKROOT = iphoneos;
				SWIFT_COMPILATION_MODE = wholemodule;
				SWIFT_OPTIMIZATION_LEVEL = "-O";
				VALIDATE_PRODUCT = YES;
			};
			name = Release;
		};
		19DEB0DA236441DB009DC71B /* Debug */ = {
			isa = XCBuildConfiguration;
			buildSettings = {
				ASSETCATALOG_COMPILER_APPICON_NAME = AppIcon;
				CODE_SIGN_STYLE = Automatic;
				DEVELOPMENT_TEAM = DQSMC8WB79;
				INFOPLIST_FILE = Car/Info.plist;
				LD_RUNPATH_SEARCH_PATHS = (
					"$(inherited)",
					"@executable_path/Frameworks",
				);
				PRODUCT_BUNDLE_IDENTIFIER = com.Manas.Car;
				PRODUCT_NAME = "$(TARGET_NAME)";
				SWIFT_VERSION = 5.0;
				TARGETED_DEVICE_FAMILY = 1;
			};
			name = Debug;
		};
		19DEB0DB236441DB009DC71B /* Release */ = {
			isa = XCBuildConfiguration;
			buildSettings = {
				ASSETCATALOG_COMPILER_APPICON_NAME = AppIcon;
				CODE_SIGN_STYLE = Automatic;
				DEVELOPMENT_TEAM = DQSMC8WB79;
				INFOPLIST_FILE = Car/Info.plist;
				LD_RUNPATH_SEARCH_PATHS = (
					"$(inherited)",
					"@executable_path/Frameworks",
				);
				PRODUCT_BUNDLE_IDENTIFIER = com.Manas.Car;
				PRODUCT_NAME = "$(TARGET_NAME)";
				SWIFT_VERSION = 5.0;
				TARGETED_DEVICE_FAMILY = 1;
			};
			name = Release;
		};
/* End XCBuildConfiguration section */

/* Begin XCConfigurationList section */
		19DEB0C0236441D7009DC71B /* Build configuration list for PBXProject "Car" */ = {
			isa = XCConfigurationList;
			buildConfigurations = (
				19DEB0D7236441DB009DC71B /* Debug */,
				19DEB0D8236441DB009DC71B /* Release */,
			);
			defaultConfigurationIsVisible = 0;
			defaultConfigurationName = Release;
		};
		19DEB0D9236441DB009DC71B /* Build configuration list for PBXNativeTarget "Car" */ = {
			isa = XCConfigurationList;
			buildConfigurations = (
				19DEB0DA236441DB009DC71B /* Debug */,
				19DEB0DB236441DB009DC71B /* Release */,
			);
			defaultConfigurationIsVisible = 0;
			defaultConfigurationName = Release;
		};
/* End XCConfigurationList section */
	};
	rootObject = 19DEB0BD236441D7009DC71B /* Project object */;
}
